PODS:
  - PhysicsEngine (1.0.2)

DEPENDENCIES:
  - PhysicsEngine

SPEC REPOS:
  https://github.com/calvincxz/PhysicsEnginePodsRepo.git:
    - PhysicsEngine

SPEC CHECKSUMS:
  PhysicsEngine: 2ae00cf17488813414a37ed5ac9c0009538c92f5

PODFILE CHECKSUM: 40bd5796a5aa8f479af3f071964b0f6b5b450e94

COCOAPODS: 1.9.0
