// !$*UTF8*$!
{
	archiveVersion = 1;
	classes = {
	};
	objectVersion = 50;
	objects = {

/* Begin PBXBuildFile section */
		3E1D2EA723F28D12009779F9 /* GameBall.swift in Sources */ = {isa = PBXBuildFile; fileRef = 3E1D2EA623F28D12009779F9 /* GameBall.swift */; };
		3E1D2EA923F28D27009779F9 /* GamePeg.swift in Sources */ = {isa = PBXBuildFile; fileRef = 3E1D2EA823F28D27009779F9 /* GamePeg.swift */; };
		3E1D2EAB23F291AC009779F9 /* BallView.swift in Sources */ = {isa = PBXBuildFile; fileRef = 3E1D2EAA23F291AC009779F9 /* BallView.swift */; };
		3E221C6223FE793D00E309B4 /* HomeViewController.swift in Sources */ = {isa = PBXBuildFile; fileRef = 3E221C6123FE793D00E309B4 /* HomeViewController.swift */; };
		3E221C6523FE7C6600E309B4 /* GameBucket.swift in Sources */ = {isa = PBXBuildFile; fileRef = 3E221C6423FE7C6600E309B4 /* GameBucket.swift */; };
		3E221C6723FE8A8800E309B4 /* BucketView.swift in Sources */ = {isa = PBXBuildFile; fileRef = 3E221C6623FE8A8800E309B4 /* BucketView.swift */; };
		3E2DAD1723E7C92E00A211D3 /* AppDelegate.swift in Sources */ = {isa = PBXBuildFile; fileRef = 3E2DAD1623E7C92E00A211D3 /* AppDelegate.swift */; };
		3E2DAD1923E7C92E00A211D3 /* SceneDelegate.swift in Sources */ = {isa = PBXBuildFile; fileRef = 3E2DAD1823E7C92E00A211D3 /* SceneDelegate.swift */; };
		3E2DAD1B23E7C92E00A211D3 /* GamePlayController.swift in Sources */ = {isa = PBXBuildFile; fileRef = 3E2DAD1A23E7C92E00A211D3 /* GamePlayController.swift */; };
		3E2DAD1E23E7C92E00A211D3 /* Main.storyboard in Resources */ = {isa = PBXBuildFile; fileRef = 3E2DAD1C23E7C92E00A211D3 /* Main.storyboard */; };
		3E2DAD2023E7C92F00A211D3 /* Assets.xcassets in Resources */ = {isa = PBXBuildFile; fileRef = 3E2DAD1F23E7C92F00A211D3 /* Assets.xcassets */; };
		3E2DAD2323E7C92F00A211D3 /* LaunchScreen.storyboard in Resources */ = {isa = PBXBuildFile; fileRef = 3E2DAD2123E7C92F00A211D3 /* LaunchScreen.storyboard */; };
		3E2DAD4823E7C9B000A211D3 /* PhysicsEngine.swift in Sources */ = {isa = PBXBuildFile; fileRef = 3E2DAD4723E7C9B000A211D3 /* PhysicsEngine.swift */; };
		3E2DAD4A23E7CA0E00A211D3 /* PhysicsBody.swift in Sources */ = {isa = PBXBuildFile; fileRef = 3E2DAD4923E7CA0E00A211D3 /* PhysicsBody.swift */; };
		3E2DAD4C23E7D8FC00A211D3 /* PeggleGameEngine.swift in Sources */ = {isa = PBXBuildFile; fileRef = 3E2DAD4B23E7D8FC00A211D3 /* PeggleGameEngine.swift */; };
		3E2DAD5223E7D99300A211D3 /* GameLevel.swift in Sources */ = {isa = PBXBuildFile; fileRef = 3E2DAD4E23E7D99300A211D3 /* GameLevel.swift */; };
		3E2DAD5323E7D99300A211D3 /* Peg.swift in Sources */ = {isa = PBXBuildFile; fileRef = 3E2DAD4F23E7D99300A211D3 /* Peg.swift */; };
		3E2DAD5423E7D99300A211D3 /* CGPoint + Hashable.swift in Sources */ = {isa = PBXBuildFile; fileRef = 3E2DAD5023E7D99300A211D3 /* CGPoint + Hashable.swift */; };
		3E2DAD5523E7D99300A211D3 /* PegType.swift in Sources */ = {isa = PBXBuildFile; fileRef = 3E2DAD5123E7D99300A211D3 /* PegType.swift */; };
		3E2DAD5A23E7D9A100A211D3 /* PegBoardView.swift in Sources */ = {isa = PBXBuildFile; fileRef = 3E2DAD5723E7D9A100A211D3 /* PegBoardView.swift */; };
		3E2DAD5C23E7D9A100A211D3 /* PegImageView.swift in Sources */ = {isa = PBXBuildFile; fileRef = 3E2DAD5923E7D9A100A211D3 /* PegImageView.swift */; };
		3E2DAD5E23E7DA0000A211D3 /* Settings.swift in Sources */ = {isa = PBXBuildFile; fileRef = 3E2DAD5D23E7DA0000A211D3 /* Settings.swift */; };
		3E2DAD6023E7DA1E00A211D3 /* GameDisplayHelper.swift in Sources */ = {isa = PBXBuildFile; fileRef = 3E2DAD5F23E7DA1E00A211D3 /* GameDisplayHelper.swift */; };
		3E2DAD6423E7F2A500A211D3 /* GameObject.swift in Sources */ = {isa = PBXBuildFile; fileRef = 3E2DAD6323E7F2A500A211D3 /* GameObject.swift */; };
		3E8ACFB723EFE51B004B1831 /* PhysicsEngineTest.swift in Sources */ = {isa = PBXBuildFile; fileRef = 3E8ACFB623EFE51B004B1831 /* PhysicsEngineTest.swift */; };
		3E8ACFBA23EFEB71004B1831 /* GamePegTest.swift in Sources */ = {isa = PBXBuildFile; fileRef = 3E8ACFB923EFEB71004B1831 /* GamePegTest.swift */; };
		3E91C3222402BD9C0059A882 /* MathHelperTest.swift in Sources */ = {isa = PBXBuildFile; fileRef = 3E91C3212402BD9C0059A882 /* MathHelperTest.swift */; };
		3E9AAAC8240265EA00AF28AD /* PhysicalShape.swift in Sources */ = {isa = PBXBuildFile; fileRef = 3E9AAAC7240265EA00AF28AD /* PhysicalShape.swift */; };
		3E9AAACE24026BB700AF28AD /* MathHelper.swift in Sources */ = {isa = PBXBuildFile; fileRef = 3E9AAACD24026BB700AF28AD /* MathHelper.swift */; };
		3E9AAAD024028F2000AF28AD /* Shape.swift in Sources */ = {isa = PBXBuildFile; fileRef = 3E9AAACF24028F2000AF28AD /* Shape.swift */; };
		3E9BF44523EE60860027C454 /* CannonView.swift in Sources */ = {isa = PBXBuildFile; fileRef = 3E9BF44423EE60860027C454 /* CannonView.swift */; };
		3E9FD2F923F6CB0D007DE77A /* ContactDelegate.swift in Sources */ = {isa = PBXBuildFile; fileRef = 3E9FD2F823F6CB0D007DE77A /* ContactDelegate.swift */; };
		3EA6AD41240160C000682FC9 /* LevelDesignerController.swift in Sources */ = {isa = PBXBuildFile; fileRef = 3EA6AD3F240160C000682FC9 /* LevelDesignerController.swift */; };
		3EA6AD42240160C000682FC9 /* LevelDesignerController + Gestures.swift in Sources */ = {isa = PBXBuildFile; fileRef = 3EA6AD40240160C000682FC9 /* LevelDesignerController + Gestures.swift */; };
		3EA6AD44240160DC00682FC9 /* FileStorageHelper.swift in Sources */ = {isa = PBXBuildFile; fileRef = 3EA6AD43240160DC00682FC9 /* FileStorageHelper.swift */; };
		3EA6AD46240160F800682FC9 /* Alert.swift in Sources */ = {isa = PBXBuildFile; fileRef = 3EA6AD45240160F800682FC9 /* Alert.swift */; };
		3EA6AD482401610200682FC9 /* PalettePegSelector.swift in Sources */ = {isa = PBXBuildFile; fileRef = 3EA6AD472401610200682FC9 /* PalettePegSelector.swift */; };
		3EA6AD522401641C00682FC9 /* GameLevelTest.swift in Sources */ = {isa = PBXBuildFile; fileRef = 3EA6AD4A2401611100682FC9 /* GameLevelTest.swift */; };
		3EA6AD532401641C00682FC9 /* PegTest.swift in Sources */ = {isa = PBXBuildFile; fileRef = 3EA6AD4B2401611100682FC9 /* PegTest.swift */; };
		3EA6AD542401641C00682FC9 /* CGPointTest.swift in Sources */ = {isa = PBXBuildFile; fileRef = 3EA6AD4C2401611100682FC9 /* CGPointTest.swift */; };
		3EA834FC23EF170800FE0A73 /* PhysicsBodyTest.swift in Sources */ = {isa = PBXBuildFile; fileRef = 3EA834FB23EF170800FE0A73 /* PhysicsBodyTest.swift */; };
		3EA93C12240570CA00120368 /* LevelSelectionViewController.swift in Sources */ = {isa = PBXBuildFile; fileRef = 3EA93C11240570CA00120368 /* LevelSelectionViewController.swift */; };
		3EA93C142405760600120368 /* LevelPreviewCollectionViewCell.swift in Sources */ = {isa = PBXBuildFile; fileRef = 3EA93C132405760600120368 /* LevelPreviewCollectionViewCell.swift */; };
		3EA93C162405897900120368 /* LevelPreviewStorage.swift in Sources */ = {isa = PBXBuildFile; fileRef = 3EA93C152405897900120368 /* LevelPreviewStorage.swift */; };
		3EAF89F123F5524B0005F559 /* GameBallTest.swift in Sources */ = {isa = PBXBuildFile; fileRef = 3EAF89F023F5524B0005F559 /* GameBallTest.swift */; };
		3EAF89F323F5542F0005F559 /* GameObjectTest.swift in Sources */ = {isa = PBXBuildFile; fileRef = 3EAF89F223F5542F0005F559 /* GameObjectTest.swift */; };
		3EAF89F523F5543C0005F559 /* PeggleGameEngineTest.swift in Sources */ = {isa = PBXBuildFile; fileRef = 3EAF89F423F5543C0005F559 /* PeggleGameEngineTest.swift */; };
		3EBC267623E83E07001630AB /* SampleLevel.swift in Sources */ = {isa = PBXBuildFile; fileRef = 3EBC267523E83E07001630AB /* SampleLevel.swift */; };
		3EDB716324066EF2005527D7 /* GameScreenType.swift in Sources */ = {isa = PBXBuildFile; fileRef = 3EDB716224066EF2005527D7 /* GameScreenType.swift */; };
		3EDC849024051BD200AEB185 /* PhysicsEngineHelper.swift in Sources */ = {isa = PBXBuildFile; fileRef = 3EDC848F24051BD200AEB185 /* PhysicsEngineHelper.swift */; };
		3EDC8492240529EC00AEB185 /* PegShape.swift in Sources */ = {isa = PBXBuildFile; fileRef = 3EDC8491240529EC00AEB185 /* PegShape.swift */; };
/* End PBXBuildFile section */

/* Begin PBXContainerItemProxy section */
		3E2DAD2A23E7C92F00A211D3 /* PBXContainerItemProxy */ = {
			isa = PBXContainerItemProxy;
			containerPortal = 3E2DAD0B23E7C92E00A211D3 /* Project object */;
			proxyType = 1;
			remoteGlobalIDString = 3E2DAD1223E7C92E00A211D3;
			remoteInfo = PS3;
		};
/* End PBXContainerItemProxy section */

/* Begin PBXFileReference section */
		3E1D2EA623F28D12009779F9 /* GameBall.swift */ = {isa = PBXFileReference; lastKnownFileType = sourcecode.swift; path = GameBall.swift; sourceTree = "<group>"; };
		3E1D2EA823F28D27009779F9 /* GamePeg.swift */ = {isa = PBXFileReference; lastKnownFileType = sourcecode.swift; path = GamePeg.swift; sourceTree = "<group>"; };
		3E1D2EAA23F291AC009779F9 /* BallView.swift */ = {isa = PBXFileReference; lastKnownFileType = sourcecode.swift; path = BallView.swift; sourceTree = "<group>"; };
		3E221C6123FE793D00E309B4 /* HomeViewController.swift */ = {isa = PBXFileReference; lastKnownFileType = sourcecode.swift; path = HomeViewController.swift; sourceTree = "<group>"; };
		3E221C6423FE7C6600E309B4 /* GameBucket.swift */ = {isa = PBXFileReference; lastKnownFileType = sourcecode.swift; path = GameBucket.swift; sourceTree = "<group>"; };
		3E221C6623FE8A8800E309B4 /* BucketView.swift */ = {isa = PBXFileReference; lastKnownFileType = sourcecode.swift; path = BucketView.swift; sourceTree = "<group>"; };
		3E2DAD1323E7C92E00A211D3 /* PS3.app */ = {isa = PBXFileReference; explicitFileType = wrapper.application; includeInIndex = 0; path = PS3.app; sourceTree = BUILT_PRODUCTS_DIR; };
		3E2DAD1623E7C92E00A211D3 /* AppDelegate.swift */ = {isa = PBXFileReference; lastKnownFileType = sourcecode.swift; path = AppDelegate.swift; sourceTree = "<group>"; };
		3E2DAD1823E7C92E00A211D3 /* SceneDelegate.swift */ = {isa = PBXFileReference; lastKnownFileType = sourcecode.swift; path = SceneDelegate.swift; sourceTree = "<group>"; };
		3E2DAD1A23E7C92E00A211D3 /* GamePlayController.swift */ = {isa = PBXFileReference; lastKnownFileType = sourcecode.swift; path = GamePlayController.swift; sourceTree = "<group>"; };
		3E2DAD1D23E7C92E00A211D3 /* Base */ = {isa = PBXFileReference; lastKnownFileType = file.storyboard; name = Base; path = Base.lproj/Main.storyboard; sourceTree = "<group>"; };
		3E2DAD1F23E7C92F00A211D3 /* Assets.xcassets */ = {isa = PBXFileReference; lastKnownFileType = folder.assetcatalog; path = Assets.xcassets; sourceTree = "<group>"; };
		3E2DAD2223E7C92F00A211D3 /* Base */ = {isa = PBXFileReference; lastKnownFileType = file.storyboard; name = Base; path = Base.lproj/LaunchScreen.storyboard; sourceTree = "<group>"; };
		3E2DAD2423E7C92F00A211D3 /* Info.plist */ = {isa = PBXFileReference; lastKnownFileType = text.plist.xml; path = Info.plist; sourceTree = "<group>"; };
		3E2DAD2923E7C92F00A211D3 /* PS3Tests.xctest */ = {isa = PBXFileReference; explicitFileType = wrapper.cfbundle; includeInIndex = 0; path = PS3Tests.xctest; sourceTree = BUILT_PRODUCTS_DIR; };
		3E2DAD2F23E7C92F00A211D3 /* Info.plist */ = {isa = PBXFileReference; lastKnownFileType = text.plist.xml; path = Info.plist; sourceTree = "<group>"; };
		3E2DAD4723E7C9B000A211D3 /* PhysicsEngine.swift */ = {isa = PBXFileReference; lastKnownFileType = sourcecode.swift; path = PhysicsEngine.swift; sourceTree = "<group>"; };
		3E2DAD4923E7CA0E00A211D3 /* PhysicsBody.swift */ = {isa = PBXFileReference; lastKnownFileType = sourcecode.swift; path = PhysicsBody.swift; sourceTree = "<group>"; };
		3E2DAD4B23E7D8FC00A211D3 /* PeggleGameEngine.swift */ = {isa = PBXFileReference; lastKnownFileType = sourcecode.swift; path = PeggleGameEngine.swift; sourceTree = "<group>"; };
		3E2DAD4E23E7D99300A211D3 /* GameLevel.swift */ = {isa = PBXFileReference; fileEncoding = 4; lastKnownFileType = sourcecode.swift; path = GameLevel.swift; sourceTree = "<group>"; };
		3E2DAD4F23E7D99300A211D3 /* Peg.swift */ = {isa = PBXFileReference; fileEncoding = 4; lastKnownFileType = sourcecode.swift; path = Peg.swift; sourceTree = "<group>"; };
		3E2DAD5023E7D99300A211D3 /* CGPoint + Hashable.swift */ = {isa = PBXFileReference; fileEncoding = 4; lastKnownFileType = sourcecode.swift; path = "CGPoint + Hashable.swift"; sourceTree = "<group>"; };
		3E2DAD5123E7D99300A211D3 /* PegType.swift */ = {isa = PBXFileReference; fileEncoding = 4; lastKnownFileType = sourcecode.swift; path = PegType.swift; sourceTree = "<group>"; };
		3E2DAD5723E7D9A100A211D3 /* PegBoardView.swift */ = {isa = PBXFileReference; fileEncoding = 4; lastKnownFileType = sourcecode.swift; path = PegBoardView.swift; sourceTree = "<group>"; };
		3E2DAD5923E7D9A100A211D3 /* PegImageView.swift */ = {isa = PBXFileReference; fileEncoding = 4; lastKnownFileType = sourcecode.swift; path = PegImageView.swift; sourceTree = "<group>"; };
		3E2DAD5D23E7DA0000A211D3 /* Settings.swift */ = {isa = PBXFileReference; fileEncoding = 4; lastKnownFileType = sourcecode.swift; path = Settings.swift; sourceTree = "<group>"; };
		3E2DAD5F23E7DA1E00A211D3 /* GameDisplayHelper.swift */ = {isa = PBXFileReference; fileEncoding = 4; lastKnownFileType = sourcecode.swift; path = GameDisplayHelper.swift; sourceTree = "<group>"; };
		3E2DAD6323E7F2A500A211D3 /* GameObject.swift */ = {isa = PBXFileReference; lastKnownFileType = sourcecode.swift; path = GameObject.swift; sourceTree = "<group>"; };
		3E8ACFB623EFE51B004B1831 /* PhysicsEngineTest.swift */ = {isa = PBXFileReference; lastKnownFileType = sourcecode.swift; path = PhysicsEngineTest.swift; sourceTree = "<group>"; };
		3E8ACFB923EFEB71004B1831 /* GamePegTest.swift */ = {isa = PBXFileReference; lastKnownFileType = sourcecode.swift; path = GamePegTest.swift; sourceTree = "<group>"; };
		3E91C3212402BD9C0059A882 /* MathHelperTest.swift */ = {isa = PBXFileReference; lastKnownFileType = sourcecode.swift; path = MathHelperTest.swift; sourceTree = "<group>"; };
		3E9AAAC7240265EA00AF28AD /* PhysicalShape.swift */ = {isa = PBXFileReference; lastKnownFileType = sourcecode.swift; path = PhysicalShape.swift; sourceTree = "<group>"; };
		3E9AAACD24026BB700AF28AD /* MathHelper.swift */ = {isa = PBXFileReference; lastKnownFileType = sourcecode.swift; path = MathHelper.swift; sourceTree = "<group>"; };
		3E9AAACF24028F2000AF28AD /* Shape.swift */ = {isa = PBXFileReference; lastKnownFileType = sourcecode.swift; path = Shape.swift; sourceTree = "<group>"; };
		3E9BF44423EE60860027C454 /* CannonView.swift */ = {isa = PBXFileReference; lastKnownFileType = sourcecode.swift; path = CannonView.swift; sourceTree = "<group>"; };
		3E9FD2F823F6CB0D007DE77A /* ContactDelegate.swift */ = {isa = PBXFileReference; lastKnownFileType = sourcecode.swift; path = ContactDelegate.swift; sourceTree = "<group>"; };
		3EA6AD3F240160C000682FC9 /* LevelDesignerController.swift */ = {isa = PBXFileReference; fileEncoding = 4; lastKnownFileType = sourcecode.swift; path = LevelDesignerController.swift; sourceTree = "<group>"; };
		3EA6AD40240160C000682FC9 /* LevelDesignerController + Gestures.swift */ = {isa = PBXFileReference; fileEncoding = 4; lastKnownFileType = sourcecode.swift; path = "LevelDesignerController + Gestures.swift"; sourceTree = "<group>"; };
		3EA6AD43240160DC00682FC9 /* FileStorageHelper.swift */ = {isa = PBXFileReference; fileEncoding = 4; lastKnownFileType = sourcecode.swift; path = FileStorageHelper.swift; sourceTree = "<group>"; };
		3EA6AD45240160F800682FC9 /* Alert.swift */ = {isa = PBXFileReference; fileEncoding = 4; lastKnownFileType = sourcecode.swift; path = Alert.swift; sourceTree = "<group>"; };
		3EA6AD472401610200682FC9 /* PalettePegSelector.swift */ = {isa = PBXFileReference; fileEncoding = 4; lastKnownFileType = sourcecode.swift; path = PalettePegSelector.swift; sourceTree = "<group>"; };
		3EA6AD4A2401611100682FC9 /* GameLevelTest.swift */ = {isa = PBXFileReference; fileEncoding = 4; lastKnownFileType = sourcecode.swift; path = GameLevelTest.swift; sourceTree = "<group>"; };
		3EA6AD4B2401611100682FC9 /* PegTest.swift */ = {isa = PBXFileReference; fileEncoding = 4; lastKnownFileType = sourcecode.swift; path = PegTest.swift; sourceTree = "<group>"; };
		3EA6AD4C2401611100682FC9 /* CGPointTest.swift */ = {isa = PBXFileReference; fileEncoding = 4; lastKnownFileType = sourcecode.swift; path = CGPointTest.swift; sourceTree = "<group>"; };
		3EA834FB23EF170800FE0A73 /* PhysicsBodyTest.swift */ = {isa = PBXFileReference; lastKnownFileType = sourcecode.swift; path = PhysicsBodyTest.swift; sourceTree = "<group>"; };
		3EA93C11240570CA00120368 /* LevelSelectionViewController.swift */ = {isa = PBXFileReference; lastKnownFileType = sourcecode.swift; path = LevelSelectionViewController.swift; sourceTree = "<group>"; };
		3EA93C132405760600120368 /* LevelPreviewCollectionViewCell.swift */ = {isa = PBXFileReference; lastKnownFileType = sourcecode.swift; path = LevelPreviewCollectionViewCell.swift; sourceTree = "<group>"; };
		3EA93C152405897900120368 /* LevelPreviewStorage.swift */ = {isa = PBXFileReference; lastKnownFileType = sourcecode.swift; path = LevelPreviewStorage.swift; sourceTree = "<group>"; };
		3EAF89F023F5524B0005F559 /* GameBallTest.swift */ = {isa = PBXFileReference; lastKnownFileType = sourcecode.swift; path = GameBallTest.swift; sourceTree = "<group>"; };
		3EAF89F223F5542F0005F559 /* GameObjectTest.swift */ = {isa = PBXFileReference; lastKnownFileType = sourcecode.swift; path = GameObjectTest.swift; sourceTree = "<group>"; };
		3EAF89F423F5543C0005F559 /* PeggleGameEngineTest.swift */ = {isa = PBXFileReference; lastKnownFileType = sourcecode.swift; path = PeggleGameEngineTest.swift; sourceTree = "<group>"; };
		3EBC267523E83E07001630AB /* SampleLevel.swift */ = {isa = PBXFileReference; lastKnownFileType = sourcecode.swift; path = SampleLevel.swift; sourceTree = "<group>"; };
		3EDB716224066EF2005527D7 /* GameScreenType.swift */ = {isa = PBXFileReference; lastKnownFileType = sourcecode.swift; path = GameScreenType.swift; sourceTree = "<group>"; };
		3EDC848F24051BD200AEB185 /* PhysicsEngineHelper.swift */ = {isa = PBXFileReference; lastKnownFileType = sourcecode.swift; path = PhysicsEngineHelper.swift; sourceTree = "<group>"; };
		3EDC8491240529EC00AEB185 /* PegShape.swift */ = {isa = PBXFileReference; lastKnownFileType = sourcecode.swift; path = PegShape.swift; sourceTree = "<group>"; };
/* End PBXFileReference section */

/* Begin PBXFrameworksBuildPhase section */
		3E2DAD1023E7C92E00A211D3 /* Frameworks */ = {
			isa = PBXFrameworksBuildPhase;
			buildActionMask = 2147483647;
			files = (
			);
			runOnlyForDeploymentPostprocessing = 0;
		};
		3E2DAD2623E7C92F00A211D3 /* Frameworks */ = {
			isa = PBXFrameworksBuildPhase;
			buildActionMask = 2147483647;
			files = (
			);
			runOnlyForDeploymentPostprocessing = 0;
		};
/* End PBXFrameworksBuildPhase section */

/* Begin PBXGroup section */
		3E2DAD0A23E7C92E00A211D3 = {
			isa = PBXGroup;
			children = (
				3E2DAD1523E7C92E00A211D3 /* PS3 */,
				3E2DAD2C23E7C92F00A211D3 /* PS3Tests */,
				3E2DAD1423E7C92E00A211D3 /* Products */,
			);
			sourceTree = "<group>";
		};
		3E2DAD1423E7C92E00A211D3 /* Products */ = {
			isa = PBXGroup;
			children = (
				3E2DAD1323E7C92E00A211D3 /* PS3.app */,
				3E2DAD2923E7C92F00A211D3 /* PS3Tests.xctest */,
			);
			name = Products;
			sourceTree = "<group>";
		};
		3E2DAD1523E7C92E00A211D3 /* PS3 */ = {
			isa = PBXGroup;
			children = (
				3EBC267423E83D3B001630AB /* PhysicsEngine */,
				3E8ACFB823EFE726004B1831 /* Helper */,
				3E2DAD4623E7C95900A211D3 /* Supporting Files */,
				3E2DAD4D23E7D99300A211D3 /* Model */,
				3EA6AD3E240160C000682FC9 /* Controller */,
				3E2DAD5623E7D9A100A211D3 /* View */,
				3EA1FC1A23F436EF0005A3A5 /* Gameplay Model */,
				3E2DAD1C23E7C92E00A211D3 /* Main.storyboard */,
				3EA93C152405897900120368 /* LevelPreviewStorage.swift */,
				3E2DAD1F23E7C92F00A211D3 /* Assets.xcassets */,
				3E2DAD2423E7C92F00A211D3 /* Info.plist */,
			);
			path = PS3;
			sourceTree = "<group>";
		};
		3E2DAD2C23E7C92F00A211D3 /* PS3Tests */ = {
			isa = PBXGroup;
			children = (
				3E2DAD2F23E7C92F00A211D3 /* Info.plist */,
				3EA6AD4A2401611100682FC9 /* GameLevelTest.swift */,
				3E91C3212402BD9C0059A882 /* MathHelperTest.swift */,
				3EA6AD4B2401611100682FC9 /* PegTest.swift */,
				3EA6AD4C2401611100682FC9 /* CGPointTest.swift */,
				3EA834FB23EF170800FE0A73 /* PhysicsBodyTest.swift */,
				3EAF89F223F5542F0005F559 /* GameObjectTest.swift */,
				3EAF89F423F5543C0005F559 /* PeggleGameEngineTest.swift */,
				3EAF89F023F5524B0005F559 /* GameBallTest.swift */,
				3E8ACFB623EFE51B004B1831 /* PhysicsEngineTest.swift */,
				3E8ACFB923EFEB71004B1831 /* GamePegTest.swift */,
			);
			path = PS3Tests;
			sourceTree = "<group>";
		};
		3E2DAD4623E7C95900A211D3 /* Supporting Files */ = {
			isa = PBXGroup;
			children = (
				3E2DAD2123E7C92F00A211D3 /* LaunchScreen.storyboard */,
				3E2DAD1623E7C92E00A211D3 /* AppDelegate.swift */,
				3E2DAD1823E7C92E00A211D3 /* SceneDelegate.swift */,
			);
			path = "Supporting Files";
			sourceTree = "<group>";
		};
		3E2DAD4D23E7D99300A211D3 /* Model */ = {
			isa = PBXGroup;
			children = (
				3E2DAD4E23E7D99300A211D3 /* GameLevel.swift */,
				3E2DAD4F23E7D99300A211D3 /* Peg.swift */,
				3EDC8491240529EC00AEB185 /* PegShape.swift */,
				3E2DAD5023E7D99300A211D3 /* CGPoint + Hashable.swift */,
				3E2DAD5123E7D99300A211D3 /* PegType.swift */,
			);
			path = Model;
			sourceTree = "<group>";
		};
		3E2DAD5623E7D9A100A211D3 /* View */ = {
			isa = PBXGroup;
			children = (
				3EA6AD472401610200682FC9 /* PalettePegSelector.swift */,
				3E2DAD5723E7D9A100A211D3 /* PegBoardView.swift */,
				3E9BF44423EE60860027C454 /* CannonView.swift */,
				3E2DAD5923E7D9A100A211D3 /* PegImageView.swift */,
				3E1D2EAA23F291AC009779F9 /* BallView.swift */,
				3E221C6623FE8A8800E309B4 /* BucketView.swift */,
			);
			path = View;
			sourceTree = "<group>";
		};
		3E8ACFB823EFE726004B1831 /* Helper */ = {
			isa = PBXGroup;
			children = (
				3EA6AD45240160F800682FC9 /* Alert.swift */,
				3E2DAD5D23E7DA0000A211D3 /* Settings.swift */,
				3E2DAD5F23E7DA1E00A211D3 /* GameDisplayHelper.swift */,
				3EBC267523E83E07001630AB /* SampleLevel.swift */,
				3EA6AD43240160DC00682FC9 /* FileStorageHelper.swift */,
				3E9AAACD24026BB700AF28AD /* MathHelper.swift */,
			);
			path = Helper;
			sourceTree = "<group>";
		};
		3EA1FC1A23F436EF0005A3A5 /* Gameplay Model */ = {
			isa = PBXGroup;
			children = (
				3E2DAD6323E7F2A500A211D3 /* GameObject.swift */,
				3E1D2EA623F28D12009779F9 /* GameBall.swift */,
				3E221C6423FE7C6600E309B4 /* GameBucket.swift */,
				3E1D2EA823F28D27009779F9 /* GamePeg.swift */,
				3E2DAD4B23E7D8FC00A211D3 /* PeggleGameEngine.swift */,
			);
			path = "Gameplay Model";
			sourceTree = "<group>";
		};
		3EA6AD3E240160C000682FC9 /* Controller */ = {
			isa = PBXGroup;
			children = (
				3E9FD2F823F6CB0D007DE77A /* ContactDelegate.swift */,
				3E2DAD1A23E7C92E00A211D3 /* GamePlayController.swift */,
				3EA6AD3F240160C000682FC9 /* LevelDesignerController.swift */,
				3EA6AD40240160C000682FC9 /* LevelDesignerController + Gestures.swift */,
				3EA93C132405760600120368 /* LevelPreviewCollectionViewCell.swift */,
				3E221C6123FE793D00E309B4 /* HomeViewController.swift */,
				3EA93C11240570CA00120368 /* LevelSelectionViewController.swift */,
				3EDB716224066EF2005527D7 /* GameScreenType.swift */,
			);
			path = Controller;
			sourceTree = "<group>";
		};
		3EBC267423E83D3B001630AB /* PhysicsEngine */ = {
			isa = PBXGroup;
			children = (
				3E2DAD4723E7C9B000A211D3 /* PhysicsEngine.swift */,
				3E2DAD4923E7CA0E00A211D3 /* PhysicsBody.swift */,
				3E9AAAC7240265EA00AF28AD /* PhysicalShape.swift */,
				3EDC848F24051BD200AEB185 /* PhysicsEngineHelper.swift */,
				3E9AAACF24028F2000AF28AD /* Shape.swift */,
			);
			path = PhysicsEngine;
			sourceTree = "<group>";
		};
/* End PBXGroup section */

/* Begin PBXNativeTarget section */
		3E2DAD1223E7C92E00A211D3 /* PS3 */ = {
			isa = PBXNativeTarget;
			buildConfigurationList = 3E2DAD3D23E7C92F00A211D3 /* Build configuration list for PBXNativeTarget "PS3" */;
			buildPhases = (
				3E2DAD0F23E7C92E00A211D3 /* Sources */,
				3E2DAD1023E7C92E00A211D3 /* Frameworks */,
				3E2DAD1123E7C92E00A211D3 /* Resources */,
				3E9BF44623EE66F70027C454 /* ShellScript */,
			);
			buildRules = (
			);
			dependencies = (
			);
			name = PS3;
			productName = PS3;
			productReference = 3E2DAD1323E7C92E00A211D3 /* PS3.app */;
			productType = "com.apple.product-type.application";
		};
		3E2DAD2823E7C92F00A211D3 /* PS3Tests */ = {
			isa = PBXNativeTarget;
			buildConfigurationList = 3E2DAD4023E7C92F00A211D3 /* Build configuration list for PBXNativeTarget "PS3Tests" */;
			buildPhases = (
				3E2DAD2523E7C92F00A211D3 /* Sources */,
				3E2DAD2623E7C92F00A211D3 /* Frameworks */,
				3E2DAD2723E7C92F00A211D3 /* Resources */,
			);
			buildRules = (
			);
			dependencies = (
				3E2DAD2B23E7C92F00A211D3 /* PBXTargetDependency */,
			);
			name = PS3Tests;
			productName = PS3Tests;
			productReference = 3E2DAD2923E7C92F00A211D3 /* PS3Tests.xctest */;
			productType = "com.apple.product-type.bundle.unit-test";
		};
/* End PBXNativeTarget section */

/* Begin PBXProject section */
		3E2DAD0B23E7C92E00A211D3 /* Project object */ = {
			isa = PBXProject;
			attributes = {
				LastSwiftUpdateCheck = 1130;
				LastUpgradeCheck = 1130;
				ORGANIZATIONNAME = "Calvin Chen";
				TargetAttributes = {
					3E2DAD1223E7C92E00A211D3 = {
						CreatedOnToolsVersion = 11.3;
					};
					3E2DAD2823E7C92F00A211D3 = {
						CreatedOnToolsVersion = 11.3;
						TestTargetID = 3E2DAD1223E7C92E00A211D3;
					};
				};
			};
			buildConfigurationList = 3E2DAD0E23E7C92E00A211D3 /* Build configuration list for PBXProject "PS3" */;
			compatibilityVersion = "Xcode 9.3";
			developmentRegion = en;
			hasScannedForEncodings = 0;
			knownRegions = (
				en,
				Base,
			);
			mainGroup = 3E2DAD0A23E7C92E00A211D3;
			productRefGroup = 3E2DAD1423E7C92E00A211D3 /* Products */;
			projectDirPath = "";
			projectRoot = "";
			targets = (
				3E2DAD1223E7C92E00A211D3 /* PS3 */,
				3E2DAD2823E7C92F00A211D3 /* PS3Tests */,
			);
		};
/* End PBXProject section */

/* Begin PBXResourcesBuildPhase section */
		3E2DAD1123E7C92E00A211D3 /* Resources */ = {
			isa = PBXResourcesBuildPhase;
			buildActionMask = 2147483647;
			files = (
				3E2DAD2323E7C92F00A211D3 /* LaunchScreen.storyboard in Resources */,
				3E2DAD2023E7C92F00A211D3 /* Assets.xcassets in Resources */,
				3E2DAD1E23E7C92E00A211D3 /* Main.storyboard in Resources */,
			);
			runOnlyForDeploymentPostprocessing = 0;
		};
		3E2DAD2723E7C92F00A211D3 /* Resources */ = {
			isa = PBXResourcesBuildPhase;
			buildActionMask = 2147483647;
			files = (
			);
			runOnlyForDeploymentPostprocessing = 0;
		};
/* End PBXResourcesBuildPhase section */

/* Begin PBXShellScriptBuildPhase section */
		3E9BF44623EE66F70027C454 /* ShellScript */ = {
			isa = PBXShellScriptBuildPhase;
			buildActionMask = 2147483647;
			files = (
			);
			inputFileListPaths = (
			);
			inputPaths = (
			);
			outputFileListPaths = (
			);
			outputPaths = (
			);
			runOnlyForDeploymentPostprocessing = 0;
			shellPath = /bin/sh;
			shellScript = "if which swiftlint >/dev/null; then\n  swiftlint\nelse\n  echo \"warning: SwiftLint not installed, download from https://github.com/realm/SwiftLint\"\nfi  \n";
		};
/* End PBXShellScriptBuildPhase section */

/* Begin PBXSourcesBuildPhase section */
		3E2DAD0F23E7C92E00A211D3 /* Sources */ = {
			isa = PBXSourcesBuildPhase;
			buildActionMask = 2147483647;
			files = (
				3EA93C12240570CA00120368 /* LevelSelectionViewController.swift in Sources */,
				3E9BF44523EE60860027C454 /* CannonView.swift in Sources */,
				3E9AAAD024028F2000AF28AD /* Shape.swift in Sources */,
				3EDC8492240529EC00AEB185 /* PegShape.swift in Sources */,
				3EDC849024051BD200AEB185 /* PhysicsEngineHelper.swift in Sources */,
				3E2DAD5323E7D99300A211D3 /* Peg.swift in Sources */,
				3E2DAD1B23E7C92E00A211D3 /* GamePlayController.swift in Sources */,
				3E2DAD5A23E7D9A100A211D3 /* PegBoardView.swift in Sources */,
				3E2DAD4C23E7D8FC00A211D3 /* PeggleGameEngine.swift in Sources */,
				3E2DAD5E23E7DA0000A211D3 /* Settings.swift in Sources */,
				3E2DAD5423E7D99300A211D3 /* CGPoint + Hashable.swift in Sources */,
				3E2DAD5223E7D99300A211D3 /* GameLevel.swift in Sources */,
				3EA93C162405897900120368 /* LevelPreviewStorage.swift in Sources */,
				3E2DAD6423E7F2A500A211D3 /* GameObject.swift in Sources */,
				3E221C6723FE8A8800E309B4 /* BucketView.swift in Sources */,
				3EDB716324066EF2005527D7 /* GameScreenType.swift in Sources */,
				3EA6AD42240160C000682FC9 /* LevelDesignerController + Gestures.swift in Sources */,
				3E2DAD6023E7DA1E00A211D3 /* GameDisplayHelper.swift in Sources */,
				3E221C6223FE793D00E309B4 /* HomeViewController.swift in Sources */,
				3E2DAD4A23E7CA0E00A211D3 /* PhysicsBody.swift in Sources */,
				3E2DAD1723E7C92E00A211D3 /* AppDelegate.swift in Sources */,
				3E2DAD1923E7C92E00A211D3 /* SceneDelegate.swift in Sources */,
				3E9FD2F923F6CB0D007DE77A /* ContactDelegate.swift in Sources */,
				3E9AAACE24026BB700AF28AD /* MathHelper.swift in Sources */,
				3EA6AD41240160C000682FC9 /* LevelDesignerController.swift in Sources */,
				3E9AAAC8240265EA00AF28AD /* PhysicalShape.swift in Sources */,
				3E2DAD5523E7D99300A211D3 /* PegType.swift in Sources */,
				3E1D2EA723F28D12009779F9 /* GameBall.swift in Sources */,
				3E1D2EAB23F291AC009779F9 /* BallView.swift in Sources */,
				3EA6AD46240160F800682FC9 /* Alert.swift in Sources */,
				3E2DAD5C23E7D9A100A211D3 /* PegImageView.swift in Sources */,
				3E2DAD4823E7C9B000A211D3 /* PhysicsEngine.swift in Sources */,
				3EBC267623E83E07001630AB /* SampleLevel.swift in Sources */,
				3EA6AD44240160DC00682FC9 /* FileStorageHelper.swift in Sources */,
				3EA93C142405760600120368 /* LevelPreviewCollectionViewCell.swift in Sources */,
				3E1D2EA923F28D27009779F9 /* GamePeg.swift in Sources */,
				3E221C6523FE7C6600E309B4 /* GameBucket.swift in Sources */,
				3EA6AD482401610200682FC9 /* PalettePegSelector.swift in Sources */,
			);
			runOnlyForDeploymentPostprocessing = 0;
		};
		3E2DAD2523E7C92F00A211D3 /* Sources */ = {
			isa = PBXSourcesBuildPhase;
			buildActionMask = 2147483647;
			files = (
				3EAF89F323F5542F0005F559 /* GameObjectTest.swift in Sources */,
				3E8ACFB723EFE51B004B1831 /* PhysicsEngineTest.swift in Sources */,
				3EA834FC23EF170800FE0A73 /* PhysicsBodyTest.swift in Sources */,
				3EA6AD542401641C00682FC9 /* CGPointTest.swift in Sources */,
				3EAF89F523F5543C0005F559 /* PeggleGameEngineTest.swift in Sources */,
				3E91C3222402BD9C0059A882 /* MathHelperTest.swift in Sources */,
				3EA6AD532401641C00682FC9 /* PegTest.swift in Sources */,
				3EAF89F123F5524B0005F559 /* GameBallTest.swift in Sources */,
				3EA6AD522401641C00682FC9 /* GameLevelTest.swift in Sources */,
				3E8ACFBA23EFEB71004B1831 /* GamePegTest.swift in Sources */,
			);
			runOnlyForDeploymentPostprocessing = 0;
		};
/* End PBXSourcesBuildPhase section */

/* Begin PBXTargetDependency section */
		3E2DAD2B23E7C92F00A211D3 /* PBXTargetDependency */ = {
			isa = PBXTargetDependency;
			target = 3E2DAD1223E7C92E00A211D3 /* PS3 */;
			targetProxy = 3E2DAD2A23E7C92F00A211D3 /* PBXContainerItemProxy */;
		};
/* End PBXTargetDependency section */

/* Begin PBXVariantGroup section */
		3E2DAD1C23E7C92E00A211D3 /* Main.storyboard */ = {
			isa = PBXVariantGroup;
			children = (
				3E2DAD1D23E7C92E00A211D3 /* Base */,
			);
			name = Main.storyboard;
			sourceTree = "<group>";
		};
		3E2DAD2123E7C92F00A211D3 /* LaunchScreen.storyboard */ = {
			isa = PBXVariantGroup;
			children = (
				3E2DAD2223E7C92F00A211D3 /* Base */,
			);
			name = LaunchScreen.storyboard;
			sourceTree = "<group>";
		};
/* End PBXVariantGroup section */

/* Begin XCBuildConfiguration section */
		3E2DAD3B23E7C92F00A211D3 /* Debug */ = {
			isa = XCBuildConfiguration;
			buildSettings = {
				ALWAYS_SEARCH_USER_PATHS = NO;
				CLANG_ANALYZER_NONNULL = YES;
				CLANG_ANALYZER_NUMBER_OBJECT_CONVERSION = YES_AGGRESSIVE;
				CLANG_CXX_LANGUAGE_STANDARD = "gnu++14";
				CLANG_CXX_LIBRARY = "libc++";
				CLANG_ENABLE_MODULES = YES;
				CLANG_ENABLE_OBJC_ARC = YES;
				CLANG_ENABLE_OBJC_WEAK = YES;
				CLANG_WARN_BLOCK_CAPTURE_AUTORELEASING = YES;
				CLANG_WARN_BOOL_CONVERSION = YES;
				CLANG_WARN_COMMA = YES;
				CLANG_WARN_CONSTANT_CONVERSION = YES;
				CLANG_WARN_DEPRECATED_OBJC_IMPLEMENTATIONS = YES;
				CLANG_WARN_DIRECT_OBJC_ISA_USAGE = YES_ERROR;
				CLANG_WARN_DOCUMENTATION_COMMENTS = YES;
				CLANG_WARN_EMPTY_BODY = YES;
				CLANG_WARN_ENUM_CONVERSION = YES;
				CLANG_WARN_INFINITE_RECURSION = YES;
				CLANG_WARN_INT_CONVERSION = YES;
				CLANG_WARN_NON_LITERAL_NULL_CONVERSION = YES;
				CLANG_WARN_OBJC_IMPLICIT_RETAIN_SELF = YES;
				CLANG_WARN_OBJC_LITERAL_CONVERSION = YES;
				CLANG_WARN_OBJC_ROOT_CLASS = YES_ERROR;
				CLANG_WARN_RANGE_LOOP_ANALYSIS = YES;
				CLANG_WARN_STRICT_PROTOTYPES = YES;
				CLANG_WARN_SUSPICIOUS_MOVE = YES;
				CLANG_WARN_UNGUARDED_AVAILABILITY = YES_AGGRESSIVE;
				CLANG_WARN_UNREACHABLE_CODE = YES;
				CLANG_WARN__DUPLICATE_METHOD_MATCH = YES;
				COPY_PHASE_STRIP = NO;
				DEBUG_INFORMATION_FORMAT = dwarf;
				ENABLE_STRICT_OBJC_MSGSEND = YES;
				ENABLE_TESTABILITY = YES;
				GCC_C_LANGUAGE_STANDARD = gnu11;
				GCC_DYNAMIC_NO_PIC = NO;
				GCC_NO_COMMON_BLOCKS = YES;
				GCC_OPTIMIZATION_LEVEL = 0;
				GCC_PREPROCESSOR_DEFINITIONS = (
					"DEBUG=1",
					"$(inherited)",
				);
				GCC_WARN_64_TO_32_BIT_CONVERSION = YES;
				GCC_WARN_ABOUT_RETURN_TYPE = YES_ERROR;
				GCC_WARN_UNDECLARED_SELECTOR = YES;
				GCC_WARN_UNINITIALIZED_AUTOS = YES_AGGRESSIVE;
				GCC_WARN_UNUSED_FUNCTION = YES;
				GCC_WARN_UNUSED_VARIABLE = YES;
				IPHONEOS_DEPLOYMENT_TARGET = 13.2;
				MTL_ENABLE_DEBUG_INFO = INCLUDE_SOURCE;
				MTL_FAST_MATH = YES;
				ONLY_ACTIVE_ARCH = YES;
				SDKROOT = iphoneos;
				SWIFT_ACTIVE_COMPILATION_CONDITIONS = DEBUG;
				SWIFT_OPTIMIZATION_LEVEL = "-Onone";
			};
			name = Debug;
		};
		3E2DAD3C23E7C92F00A211D3 /* Release */ = {
			isa = XCBuildConfiguration;
			buildSettings = {
				ALWAYS_SEARCH_USER_PATHS = NO;
				CLANG_ANALYZER_NONNULL = YES;
				CLANG_ANALYZER_NUMBER_OBJECT_CONVERSION = YES_AGGRESSIVE;
				CLANG_CXX_LANGUAGE_STANDARD = "gnu++14";
				CLANG_CXX_LIBRARY = "libc++";
				CLANG_ENABLE_MODULES = YES;
				CLANG_ENABLE_OBJC_ARC = YES;
				CLANG_ENABLE_OBJC_WEAK = YES;
				CLANG_WARN_BLOCK_CAPTURE_AUTORELEASING = YES;
				CLANG_WARN_BOOL_CONVERSION = YES;
				CLANG_WARN_COMMA = YES;
				CLANG_WARN_CONSTANT_CONVERSION = YES;
				CLANG_WARN_DEPRECATED_OBJC_IMPLEMENTATIONS = YES;
				CLANG_WARN_DIRECT_OBJC_ISA_USAGE = YES_ERROR;
				CLANG_WARN_DOCUMENTATION_COMMENTS = YES;
				CLANG_WARN_EMPTY_BODY = YES;
				CLANG_WARN_ENUM_CONVERSION = YES;
				CLANG_WARN_INFINITE_RECURSION = YES;
				CLANG_WARN_INT_CONVERSION = YES;
				CLANG_WARN_NON_LITERAL_NULL_CONVERSION = YES;
				CLANG_WARN_OBJC_IMPLICIT_RETAIN_SELF = YES;
				CLANG_WARN_OBJC_LITERAL_CONVERSION = YES;
				CLANG_WARN_OBJC_ROOT_CLASS = YES_ERROR;
				CLANG_WARN_RANGE_LOOP_ANALYSIS = YES;
				CLANG_WARN_STRICT_PROTOTYPES = YES;
				CLANG_WARN_SUSPICIOUS_MOVE = YES;
				CLANG_WARN_UNGUARDED_AVAILABILITY = YES_AGGRESSIVE;
				CLANG_WARN_UNREACHABLE_CODE = YES;
				CLANG_WARN__DUPLICATE_METHOD_MATCH = YES;
				COPY_PHASE_STRIP = NO;
				DEBUG_INFORMATION_FORMAT = "dwarf-with-dsym";
				ENABLE_NS_ASSERTIONS = NO;
				ENABLE_STRICT_OBJC_MSGSEND = YES;
				GCC_C_LANGUAGE_STANDARD = gnu11;
				GCC_NO_COMMON_BLOCKS = YES;
				GCC_WARN_64_TO_32_BIT_CONVERSION = YES;
				GCC_WARN_ABOUT_RETURN_TYPE = YES_ERROR;
				GCC_WARN_UNDECLARED_SELECTOR = YES;
				GCC_WARN_UNINITIALIZED_AUTOS = YES_AGGRESSIVE;
				GCC_WARN_UNUSED_FUNCTION = YES;
				GCC_WARN_UNUSED_VARIABLE = YES;
				IPHONEOS_DEPLOYMENT_TARGET = 13.2;
				MTL_ENABLE_DEBUG_INFO = NO;
				MTL_FAST_MATH = YES;
				SDKROOT = iphoneos;
				SWIFT_COMPILATION_MODE = wholemodule;
				SWIFT_OPTIMIZATION_LEVEL = "-O";
				VALIDATE_PRODUCT = YES;
			};
			name = Release;
		};
		3E2DAD3E23E7C92F00A211D3 /* Debug */ = {
			isa = XCBuildConfiguration;
			buildSettings = {
				ASSETCATALOG_COMPILER_APPICON_NAME = AppIcon;
				CODE_SIGN_STYLE = Automatic;
				DEVELOPMENT_TEAM = TX4SC3T3TN;
				INFOPLIST_FILE = PS3/Info.plist;
				LD_RUNPATH_SEARCH_PATHS = (
					"$(inherited)",
					"@executable_path/Frameworks",
				);
				PRODUCT_BUNDLE_IDENTIFIER = com.calvincxz.PS3;
				PRODUCT_NAME = "$(TARGET_NAME)";
				SWIFT_VERSION = 5.0;
				TARGETED_DEVICE_FAMILY = 2;
			};
			name = Debug;
		};
		3E2DAD3F23E7C92F00A211D3 /* Release */ = {
			isa = XCBuildConfiguration;
			buildSettings = {
				ASSETCATALOG_COMPILER_APPICON_NAME = AppIcon;
				CODE_SIGN_STYLE = Automatic;
				DEVELOPMENT_TEAM = TX4SC3T3TN;
				INFOPLIST_FILE = PS3/Info.plist;
				LD_RUNPATH_SEARCH_PATHS = (
					"$(inherited)",
					"@executable_path/Frameworks",
				);
				PRODUCT_BUNDLE_IDENTIFIER = com.calvincxz.PS3;
				PRODUCT_NAME = "$(TARGET_NAME)";
				SWIFT_VERSION = 5.0;
				TARGETED_DEVICE_FAMILY = 2;
			};
			name = Release;
		};
		3E2DAD4123E7C92F00A211D3 /* Debug */ = {
			isa = XCBuildConfiguration;
			buildSettings = {
				ALWAYS_EMBED_SWIFT_STANDARD_LIBRARIES = YES;
				BUNDLE_LOADER = "$(TEST_HOST)";
				CODE_SIGN_STYLE = Automatic;
				INFOPLIST_FILE = PS3Tests/Info.plist;
				IPHONEOS_DEPLOYMENT_TARGET = 13.2;
				LD_RUNPATH_SEARCH_PATHS = (
					"$(inherited)",
					"@executable_path/Frameworks",
					"@loader_path/Frameworks",
				);
				PRODUCT_BUNDLE_IDENTIFIER = com.calvincxz.PS3Tests;
				PRODUCT_NAME = "$(TARGET_NAME)";
				SWIFT_VERSION = 5.0;
				TARGETED_DEVICE_FAMILY = "1,2";
				TEST_HOST = "$(BUILT_PRODUCTS_DIR)/PS3.app/PS3";
			};
			name = Debug;
		};
		3E2DAD4223E7C92F00A211D3 /* Release */ = {
			isa = XCBuildConfiguration;
			buildSettings = {
				ALWAYS_EMBED_SWIFT_STANDARD_LIBRARIES = YES;
				BUNDLE_LOADER = "$(TEST_HOST)";
				CODE_SIGN_STYLE = Automatic;
				INFOPLIST_FILE = PS3Tests/Info.plist;
				IPHONEOS_DEPLOYMENT_TARGET = 13.2;
				LD_RUNPATH_SEARCH_PATHS = (
					"$(inherited)",
					"@executable_path/Frameworks",
					"@loader_path/Frameworks",
				);
				PRODUCT_BUNDLE_IDENTIFIER = com.calvincxz.PS3Tests;
				PRODUCT_NAME = "$(TARGET_NAME)";
				SWIFT_VERSION = 5.0;
				TARGETED_DEVICE_FAMILY = "1,2";
				TEST_HOST = "$(BUILT_PRODUCTS_DIR)/PS3.app/PS3";
			};
			name = Release;
		};
/* End XCBuildConfiguration section */

/* Begin XCConfigurationList section */
		3E2DAD0E23E7C92E00A211D3 /* Build configuration list for PBXProject "PS3" */ = {
			isa = XCConfigurationList;
			buildConfigurations = (
				3E2DAD3B23E7C92F00A211D3 /* Debug */,
				3E2DAD3C23E7C92F00A211D3 /* Release */,
			);
			defaultConfigurationIsVisible = 0;
			defaultConfigurationName = Release;
		};
		3E2DAD3D23E7C92F00A211D3 /* Build configuration list for PBXNativeTarget "PS3" */ = {
			isa = XCConfigurationList;
			buildConfigurations = (
				3E2DAD3E23E7C92F00A211D3 /* Debug */,
				3E2DAD3F23E7C92F00A211D3 /* Release */,
			);
			defaultConfigurationIsVisible = 0;
			defaultConfigurationName = Release;
		};
		3E2DAD4023E7C92F00A211D3 /* Build configuration list for PBXNativeTarget "PS3Tests" */ = {
			isa = XCConfigurationList;
			buildConfigurations = (
				3E2DAD4123E7C92F00A211D3 /* Debug */,
				3E2DAD4223E7C92F00A211D3 /* Release */,
			);
			defaultConfigurationIsVisible = 0;
			defaultConfigurationName = Release;
		};
/* End XCConfigurationList section */
	};
	rootObject = 3E2DAD0B23E7C92E00A211D3 /* Project object */;
}
